
Microsoft Visual Studio Solution File, Format Version 12.00
# Visual Studio Version 17
VisualStudioVersion = 17.0.31903.59
MinimumVisualStudioVersion = 10.0.40219.1
Project("{FAE04EC0-301F-11D3-BF4B-00C04F79EFBC}") = "API", "EventPlanner.API\API.csproj", "{F1DF704D-8971-4C04-B7CE-8A63BA675FA1}"
EndProject
Project("{FAE04EC0-301F-11D3-BF4B-00C04F79EFBC}") = "API.Contracts", "API.Contracts\API.Contracts.csproj", "{44E77EF3-1CCB-4381-9725-F89200870045}"
EndProject
Project("{FAE04EC0-301F-11D3-BF4B-00C04F79EFBC}") = "Domain.Services", "Domain.Services\Domain.Services.csproj", "{2D07A77C-4F5C-486A-9A6B-F7906BAC5F41}"
EndProject
Project("{FAE04EC0-301F-11D3-BF4B-00C04F79EFBC}") = "Percistence", "Percistence\Percistence.csproj", "{5CD38EF9-14FD-4805-9419-E06643A08AAE}"
EndProject
Project("{FAE04EC0-301F-11D3-BF4B-00C04F79EFBC}") = "Persistence.Entities", "Persistence.Entities\Persistence.Entities.csproj", "{EE6C3FED-0F31-482C-A1A0-648B9E5D4E3D}"
EndProject
Global
	GlobalSection(SolutionConfigurationPlatforms) = preSolution
		Debug|Any CPU = Debug|Any CPU
		Debug|x64 = Debug|x64
		Debug|x86 = Debug|x86
		Release|Any CPU = Release|Any CPU
		Release|x64 = Release|x64
		Release|x86 = Release|x86
	EndGlobalSection
	GlobalSection(ProjectConfigurationPlatforms) = postSolution
		{F1DF704D-8971-4C04-B7CE-8A63BA675FA1}.Debug|Any CPU.ActiveCfg = Debug|Any CPU
		{F1DF704D-8971-4C04-B7CE-8A63BA675FA1}.Debug|Any CPU.Build.0 = Debug|Any CPU
		{F1DF704D-8971-4C04-B7CE-8A63BA675FA1}.Debug|x64.ActiveCfg = Debug|Any CPU
		{F1DF704D-8971-4C04-B7CE-8A63BA675FA1}.Debug|x64.Build.0 = Debug|Any CPU
		{F1DF704D-8971-4C04-B7CE-8A63BA675FA1}.Debug|x86.ActiveCfg = Debug|Any CPU
		{F1DF704D-8971-4C04-B7CE-8A63BA675FA1}.Debug|x86.Build.0 = Debug|Any CPU
		{F1DF704D-8971-4C04-B7CE-8A63BA675FA1}.Release|Any CPU.ActiveCfg = Release|Any CPU
		{F1DF704D-8971-4C04-B7CE-8A63BA675FA1}.Release|Any CPU.Build.0 = Release|Any CPU
		{F1DF704D-8971-4C04-B7CE-8A63BA675FA1}.Release|x64.ActiveCfg = Release|Any CPU
		{F1DF704D-8971-4C04-B7CE-8A63BA675FA1}.Release|x64.Build.0 = Release|Any CPU
		{F1DF704D-8971-4C04-B7CE-8A63BA675FA1}.Release|x86.ActiveCfg = Release|Any CPU
		{F1DF704D-8971-4C04-B7CE-8A63BA675FA1}.Release|x86.Build.0 = Release|Any CPU
		{44E77EF3-1CCB-4381-9725-F89200870045}.Debug|Any CPU.ActiveCfg = Debug|Any CPU
		{44E77EF3-1CCB-4381-9725-F89200870045}.Debug|Any CPU.Build.0 = Debug|Any CPU
		{44E77EF3-1CCB-4381-9725-F89200870045}.Debug|x64.ActiveCfg = Debug|Any CPU
		{44E77EF3-1CCB-4381-9725-F89200870045}.Debug|x64.Build.0 = Debug|Any CPU
		{44E77EF3-1CCB-4381-9725-F89200870045}.Debug|x86.ActiveCfg = Debug|Any CPU
		{44E77EF3-1CCB-4381-9725-F89200870045}.Debug|x86.Build.0 = Debug|Any CPU
		{44E77EF3-1CCB-4381-9725-F89200870045}.Release|Any CPU.ActiveCfg = Release|Any CPU
		{44E77EF3-1CCB-4381-9725-F89200870045}.Release|Any CPU.Build.0 = Release|Any CPU
		{44E77EF3-1CCB-4381-9725-F89200870045}.Release|x64.ActiveCfg = Release|Any CPU
		{44E77EF3-1CCB-4381-9725-F89200870045}.Release|x64.Build.0 = Release|Any CPU
		{44E77EF3-1CCB-4381-9725-F89200870045}.Release|x86.ActiveCfg = Release|Any CPU
		{44E77EF3-1CCB-4381-9725-F89200870045}.Release|x86.Build.0 = Release|Any CPU
		{2D07A77C-4F5C-486A-9A6B-F7906BAC5F41}.Debug|Any CPU.ActiveCfg = Debug|Any CPU
		{2D07A77C-4F5C-486A-9A6B-F7906BAC5F41}.Debug|Any CPU.Build.0 = Debug|Any CPU
		{2D07A77C-4F5C-486A-9A6B-F7906BAC5F41}.Debug|x64.ActiveCfg = Debug|Any CPU
		{2D07A77C-4F5C-486A-9A6B-F7906BAC5F41}.Debug|x64.Build.0 = Debug|Any CPU
		{2D07A77C-4F5C-486A-9A6B-F7906BAC5F41}.Debug|x86.ActiveCfg = Debug|Any CPU
		{2D07A77C-4F5C-486A-9A6B-F7906BAC5F41}.Debug|x86.Build.0 = Debug|Any CPU
		{2D07A77C-4F5C-486A-9A6B-F7906BAC5F41}.Release|Any CPU.ActiveCfg = Release|Any CPU
		{2D07A77C-4F5C-486A-9A6B-F7906BAC5F41}.Release|Any CPU.Build.0 = Release|Any CPU
		{2D07A77C-4F5C-486A-9A6B-F7906BAC5F41}.Release|x64.ActiveCfg = Release|Any CPU
		{2D07A77C-4F5C-486A-9A6B-F7906BAC5F41}.Release|x64.Build.0 = Release|Any CPU
		{2D07A77C-4F5C-486A-9A6B-F7906BAC5F41}.Release|x86.ActiveCfg = Release|Any CPU
		{2D07A77C-4F5C-486A-9A6B-F7906BAC5F41}.Release|x86.Build.0 = Release|Any CPU
		{5CD38EF9-14FD-4805-9419-E06643A08AAE}.Debug|Any CPU.ActiveCfg = Debug|Any CPU
		{5CD38EF9-14FD-4805-9419-E06643A08AAE}.Debug|Any CPU.Build.0 = Debug|Any CPU
		{5CD38EF9-14FD-4805-9419-E06643A08AAE}.Debug|x64.ActiveCfg = Debug|Any CPU
		{5CD38EF9-14FD-4805-9419-E06643A08AAE}.Debug|x64.Build.0 = Debug|Any CPU
		{5CD38EF9-14FD-4805-9419-E06643A08AAE}.Debug|x86.ActiveCfg = Debug|Any CPU
		{5CD38EF9-14FD-4805-9419-E06643A08AAE}.Debug|x86.Build.0 = Debug|Any CPU
		{5CD38EF9-14FD-4805-9419-E06643A08AAE}.Release|Any CPU.ActiveCfg = Release|Any CPU
		{5CD38EF9-14FD-4805-9419-E06643A08AAE}.Release|Any CPU.Build.0 = Release|Any CPU
		{5CD38EF9-14FD-4805-9419-E06643A08AAE}.Release|x64.ActiveCfg = Release|Any CPU
		{5CD38EF9-14FD-4805-9419-E06643A08AAE}.Release|x64.Build.0 = Release|Any CPU
		{5CD38EF9-14FD-4805-9419-E06643A08AAE}.Release|x86.ActiveCfg = Release|Any CPU
		{5CD38EF9-14FD-4805-9419-E06643A08AAE}.Release|x86.Build.0 = Release|Any CPU
		{EE6C3FED-0F31-482C-A1A0-648B9E5D4E3D}.Debug|Any CPU.ActiveCfg = Debug|Any CPU
		{EE6C3FED-0F31-482C-A1A0-648B9E5D4E3D}.Debug|Any CPU.Build.0 = Debug|Any CPU
		{EE6C3FED-0F31-482C-A1A0-648B9E5D4E3D}.Debug|x64.ActiveCfg = Debug|Any CPU
		{EE6C3FED-0F31-482C-A1A0-648B9E5D4E3D}.Debug|x64.Build.0 = Debug|Any CPU
		{EE6C3FED-0F31-482C-A1A0-648B9E5D4E3D}.Debug|x86.ActiveCfg = Debug|Any CPU
		{EE6C3FED-0F31-482C-A1A0-648B9E5D4E3D}.Debug|x86.Build.0 = Debug|Any CPU
		{EE6C3FED-0F31-482C-A1A0-648B9E5D4E3D}.Release|Any CPU.ActiveCfg = Release|Any CPU
		{EE6C3FED-0F31-482C-A1A0-648B9E5D4E3D}.Release|Any CPU.Build.0 = Release|Any CPU
		{EE6C3FED-0F31-482C-A1A0-648B9E5D4E3D}.Release|x64.ActiveCfg = Release|Any CPU
		{EE6C3FED-0F31-482C-A1A0-648B9E5D4E3D}.Release|x64.Build.0 = Release|Any CPU
		{EE6C3FED-0F31-482C-A1A0-648B9E5D4E3D}.Release|x86.ActiveCfg = Release|Any CPU
		{EE6C3FED-0F31-482C-A1A0-648B9E5D4E3D}.Release|x86.Build.0 = Release|Any CPU
	EndGlobalSection
	GlobalSection(SolutionProperties) = preSolution
		HideSolutionNode = FALSE
	EndGlobalSection
EndGlobal
